{
  "version": 4,
  "terraform_version": "1.12.2",
  "serial": 19,
  "lineage": "e7362a16-5bf0-7efd-0fc5-4d5d81b24c76",
  "outputs": {},
  "resources": [
    {
      "module": "module.ec2_instance",
      "mode": "managed",
      "type": "aws_instance",
      "name": "web",
      "provider": "provider[\"registry.terraform.io/hashicorp/aws\"]",
      "instances": [
        {
          "schema_version": 2,
          "attributes": {
            "ami": "ami-0360c520857e3138f",
            "arn": "arn:aws:ec2:us-east-1:038462748868:instance/i-098f5d40d8dad576c",
            "associate_public_ip_address": true,
            "availability_zone": "us-east-1a",
            "capacity_reservation_specification": [
              {
                "capacity_reservation_preference": "open",
                "capacity_reservation_target": []
              }
            ],
            "cpu_options": [
              {
                "amd_sev_snp": "",
                "core_count": 1,
                "threads_per_core": 1
              }
            ],
            "credit_specification": [
              {
                "cpu_credits": "standard"
              }
            ],
            "disable_api_stop": false,
            "disable_api_termination": false,
            "ebs_block_device": [],
            "ebs_optimized": false,
            "enable_primary_ipv6": null,
            "enclave_options": [
              {
                "enabled": false
              }
            ],
            "ephemeral_block_device": [],
            "force_destroy": false,
            "get_password_data": false,
            "hibernation": false,
            "host_id": "",
            "host_resource_group_arn": null,
            "iam_instance_profile": "",
            "id": "i-098f5d40d8dad576c",
            "instance_initiated_shutdown_behavior": "stop",
            "instance_lifecycle": "",
            "instance_market_options": [],
            "instance_state": "running",
            "instance_type": "t2.micro",
            "ipv6_address_count": 0,
            "ipv6_addresses": [],
            "key_name": "terraform_module",
            "launch_template": [],
            "maintenance_options": [
              {
                "auto_recovery": "default"
              }
            ],
            "metadata_options": [
              {
                "http_endpoint": "enabled",
                "http_protocol_ipv6": "disabled",
                "http_put_response_hop_limit": 2,
                "http_tokens": "required",
                "instance_metadata_tags": "disabled"
              }
            ],
            "monitoring": false,
            "network_interface": [],
            "outpost_arn": "",
            "password_data": "",
            "placement_group": "",
            "placement_group_id": "",
            "placement_partition_number": 0,
            "primary_network_interface": [
              {
                "delete_on_termination": true,
                "network_interface_id": "eni-05711d7369ed9b043"
              }
            ],
            "primary_network_interface_id": "eni-05711d7369ed9b043",
            "private_dns": "ip-10-0-1-233.ec2.internal",
            "private_dns_name_options": [
              {
                "enable_resource_name_dns_a_record": false,
                "enable_resource_name_dns_aaaa_record": false,
                "hostname_type": "ip-name"
              }
            ],
            "private_ip": "10.0.1.233",
            "public_dns": "ec2-3-95-159-67.compute-1.amazonaws.com",
            "public_ip": "3.95.159.67",
            "region": "us-east-1",
            "root_block_device": [
              {
                "delete_on_termination": true,
                "device_name": "/dev/sda1",
                "encrypted": false,
                "iops": 3000,
                "kms_key_id": "",
                "tags": {},
                "tags_all": {},
                "throughput": 125,
                "volume_id": "vol-094eab41021212e39",
                "volume_size": 8,
                "volume_type": "gp3"
              }
            ],
            "secondary_private_ips": [],
            "security_groups": [],
            "source_dest_check": true,
            "spot_instance_request_id": "",
            "subnet_id": "subnet-0ad87f97643b12da4",
            "tags": {
              "Name": "demo_instance"
            },
            "tags_all": {
              "Name": "demo_instance"
            },
            "tenancy": "default",
            "timeouts": null,
            "user_data": null,
            "user_data_base64": null,
            "user_data_replace_on_change": false,
            "volume_tags": null,
            "vpc_security_group_ids": [
              "sg-0e9a73fbcc3e5ca05"
            ]
          },
          "sensitive_attributes": [],
          "identity_schema_version": 0,
          "identity": {
            "account_id": "038462748868",
            "id": "i-098f5d40d8dad576c",
            "region": "us-east-1"
          },
          "private": "eyJlMmJmYjczMC1lY2FhLTExZTYtOGY4OC0zNDM2M2JjN2M0YzAiOnsiY3JlYXRlIjo2MDAwMDAwMDAwMDAsImRlbGV0ZSI6MTIwMDAwMDAwMDAwMCwicmVhZCI6OTAwMDAwMDAwMDAwLCJ1cGRhdGUiOjYwMDAwMDAwMDAwMH0sInNjaGVtYV92ZXJzaW9uIjoiMiJ9",
          "dependencies": [
            "module.ec2_instance.aws_key_pair.instance_key",
            "module.ec2_instance.tls_private_key.rsa_key",
            "module.terraform_vpc.aws_subnet.public",
            "module.terraform_vpc.aws_vpc.main"
          ]
        }
      ]
    },
    {
      "module": "module.ec2_instance",
      "mode": "managed",
      "type": "aws_key_pair",
      "name": "instance_key",
      "provider": "provider[\"registry.terraform.io/hashicorp/aws\"]",
      "instances": [
        {
          "schema_version": 1,
          "attributes": {
            "arn": "arn:aws:ec2:us-east-1:038462748868:key-pair/terraform_module",
            "fingerprint": "49:13:b9:0d:2e:0a:ca:67:66:76:8b:76:ac:4b:d6:36",
            "id": "terraform_module",
            "key_name": "terraform_module",
            "key_name_prefix": "",
            "key_pair_id": "key-0864dab0af464ac86",
            "key_type": "rsa",
            "public_key": "ssh-rsa AAAAB3NzaC1yc2EAAAADAQABAAACAQDY/+5siHkFHODGDePzz1S/Ii2kgtfW6zjOdH+J15CFoyhMYKQogt3opKbQ57/dESbYhOf9Rmb9Wy3ZDvlRJBB/wkQ1PodHcfyYY5+fNj7CFOAlh5OxzRNACqUGy1/EixT3RPpiGISu7wkmZPQhO1IORwTsoz+ayh1Ywpn4dtQMfB2w2AsvBJpWa5g/hOgcG8lzVZF11Ph9dttA5AuT5mT7snNAamBebXjtaawj7/PCX1abOEIbwTw5He1t2p7G2e7u1+oZwbSjpEICRLDHFnB/4uL1gx63hEGx4UdngtFIGLZGHgRec9D/I9gTkmccvu44iJ0edu0vkYKbZRzRP7bispQDwv2XZ3Zv4CXa//ofvAzAhcuKBsSBfN3Beh9jq4fzGNX3B7PnOPGXTNAA6oRMgYuTdT3fXyC+5JXw2ObwhrO9YPraKNbKaqcQj2FClF/kkbvMgfL8Tt+Ceh2fHC4ztqVMfj6YoAm/+5i8RPUfcvFpGnO7b9vjwXScnuBfhIFVBa5Cygc/eorzl+OimxYOJjRQB7gyVZK8Ty+pqMWixLirZV1usEivlNoGK6iwgwSGwtfCqX+YJAZf0cPNf06z6zsN4OvqV98TEJwP14TSEm1QFaBWEE2LCuz81peo+uRpV3CeRe3O/LI5j6X5Qkwm2/JeaLGaZbJO0qjssIeTaQ==",
            "region": "us-east-1",
            "tags": null,
            "tags_all": {}
          },
          "sensitive_attributes": [],
          "identity_schema_version": 0,
          "private": "eyJzY2hlbWFfdmVyc2lvbiI6IjEifQ==",
          "dependencies": [
            "module.ec2_instance.tls_private_key.rsa_key"
          ]
        }
      ]
    },
    {
      "module": "module.ec2_instance",
      "mode": "managed",
      "type": "local_file",
      "name": "private_key",
      "provider": "provider[\"registry.terraform.io/hashicorp/local\"]",
      "instances": [
        {
          "schema_version": 0,
          "attributes": {
            "content": "-----BEGIN RSA PRIVATE KEY-----\nMIIJKAIBAAKCAgEA2P/ubIh5BRzgxg3j889UvyItpILX1us4znR/ideQhaMoTGCk\nKILd6KSm0Oe/3REm2ITn/UZm/Vst2Q75USQQf8JENT6HR3H8mGOfnzY+whTgJYeT\nsc0TQAqlBstfxIsU90T6YhiEru8JJmT0ITtSDkcE7KM/msodWMKZ+HbUDHwdsNgL\nLwSaVmuYP4ToHBvJc1WRddT4fXbbQOQLk+Zk+7JzQGpgXm147WmsI+/zwl9WmzhC\nG8E8OR3tbdqextnu7tfqGcG0o6RCAkSwxxZwf+Li9YMet4RBseFHZ4LRSBi2Rh4E\nXnPQ/yPYE5JnHL7uOIidHnbtL5GCm2Uc0T+24rKUA8L9l2d2b+Al2v/6H7wMwIXL\nigbEgXzdwXofY6uH8xjV9wez5zjxl0zQAOqETIGLk3U9318gvuSV8Njm8IazvWD6\n2ijWymqnEI9hQpRf5JG7zIHy/E7fgnodnxwuM7alTH4+mKAJv/uYvET1H3LxaRpz\nu2/b48F0nJ7gX4SBVQWuQsoHP3qK85fjopsWDiY0UAe4MlWSvE8vqajFosS4q2Vd\nbrBIr5TaBiuosIMEhsLXwql/mCQGX9HDzX9Os+s7DeDr6lffExCcD9eE0hJtUBWg\nVhBNiwrs/NaXqPrkaVdwnkXtzvyyOY+l+UJMJtvyXmixmmWyTtKo7LCHk2kCAwEA\nAQKCAgAM16azZHyZuBy4Xpw/SBBZUyCVjsskfx1zSyiSI+sRHE0XVL/aXZZcUpmZ\nyEwN/VofGyHaAYeOVnisktWKqben6/tv6usEKC49ZuX3PPVdX0a9tIah5u5iTk73\ny45NJOML2ENOOL+/f5+QbA3uWo2lESsXhc4kRHJqAp2spfxaNHfoXlIuc+yzZnY8\nn3UXgXB8bikSlWpTDeH0zETqzvTqgs7jK3iCa3hU6qRYqHaKFMIyI6lL7bV5TDi1\nP+iWLFHW76R9O5N2fNM4QaWe/rMP6oGpQIY58QPspFW+ve/8qZO+AMBG8RPtHvYG\ngICwOOotzS3+nntejZNydrs2yg5yGR1tt9PPJhXrBVl/f9pHQzKOtICdfGyGnMoL\nJ5inNd3ZWyJYSQHlOF4wzZQyFmh/QclJfmV64/cef0eBQn/tis7UGvEf1vP0uQXX\nb1SczyN6PQzYDEWVdUxGTO5gS81K9yqLTW8tDe4MGIZfqkiZlVEAJibyxudyTX5o\nxjKVlC3womhc98YY9HiksTIWiAcainCIzuYslZIa5VZLsKIYb/axe0i7My4WDH+E\nXE6ABSmX1lY3YubfObpi6uFvDfKJSQZg5dwPzJ3rPPnfYcQfnnCH92AmT/yxAiy4\nlDBxMU1zK8VcGmEPI3qDChajqESkO5NwsmlPNQY2rn1gUmjD9QKCAQEA5ypzXhqX\nRmSsHWCCJ8fMZ/LrZ86O1BBMrIQ0hUOkXV51OeT34Ak54e2hj4NB34zN4Yx+6rV9\nBAQXLYSOyUdgQvdyA0NPmarXFi8JUPfzkzJ5eNV/jyiJPLtm1TWj3JOjpYMckSb+\nVOqmnEmhZ4Yoe3GcArlxReho8fcANCSTUz6VJ83kXZyocyD48NyIdTIEvs8tUg2p\nMjdOORRRPvTCx8+RuxWxTJWRr8eSOETzDjadoRKBgnAcmZRtU7nRwxKDvGo8V0ZE\nCD3APD16PKQU6PSDnT0B+VRHRM4i7TPwKyp8tYoofGdljRKMtJfFwdFIXG198oYu\nTdumKBtkka8JzQKCAQEA8E/iGbqdCvs3rDq9G7BVxbGbwZQlf4rNn8cGzmFKY81C\nVjq7wM4LotC63PFrYc+On4U9x/09rZaQ6BeDZ0qBGIGbRd/iQDN1Mt5sqzWfyYuJ\nUzVPr3bNalmvcJvXqSujI56P1KOrGGhYQ2tGoDsROD48BgE8tBIUqFYsOG/w/nQM\nw+u1KNdLKK8q34TsPCWjwXOsSYro/fQkbL7pRKdTnHLnEzH56NTx6K/aYh6hHRE2\nVUb20FkNMsj8NzohtMVOW+Kgx0T88gGfBsnv+2sqs5zdZTNp/m5fKF44RmuI3aHx\n4Em6BkgTblZ1rPe+aCS5OYyogB0dGRH/t4YzhhBkDQKCAQAci8x1WXlG0xXCBvHr\nsauXRpM1XXebzmt5flXyAvlgIlL9lD3b56fDM5IY48+VqJCgAraFi2Xlwg+Oqmjr\niCnl+yKULpK82jD3Z1WSLxxgGAKSHmNDLXFNE6NOPvJ+Qakavkcf0Z3kpJlwgVMy\nMon7PHtUhsvrIxkakDLxPXcH95l5sd46hSb0GKVFMSaUulmFqpXhJRi4v8WkHNMv\noBARlptbbAFaALpd55ox4qnVHn92rY9aqTeO65pYlYDGwxmLgd7ztBSgo+eCSOE4\nbda7Mb6zAx6kSHkIkSAVBK3q1rNRw77eJfKPajP/9SIRniN+bnL4KQO8z5wEJeXU\na7YdAoIBAAx3mHtNOyh+r/y3b2goVcrT1AjO7sMXKGPJp4i9c2aKF47xrRvrlJ71\nxTwBKlkAs52DBBmEAdcnoIzp619IdjoXPz74xnweL05cS7b2KTwDiTRP57pqp22F\nCZ0F+MJGCUinyT5230F86FdXEWrupY4NbH/DQKr25St2jQTAifgpfSAM8nET+ko6\nDDdcZgUYzs4SejW2hy/lop4hqWhuZeAP9f0A8r4pjgNMXEAK5sDjS7ZQ4C0e8ZhY\n5PzYfzcppU8PCthLs/O6Mc3gXBrnDGgVE0dUy4LvpvApMzI0Ef2tkSbZrFT3GEr5\nIVG/6Jjujs11hqhe2kuaq3GR/MpPv2ECggEBAK4aV2Lu7IyZXUCMeJUzwHBGuVFZ\nvby4xJG8RasiwDAFx1WCtjB7sETwmVtG81N8dvt/GzFMncKUkVCy4FyLx92MFG1g\n6MYsd2WUEpGeR5M74waeWmoD84Kh57yGH4ZMuLSifKOF7+nEyXtMXHxh05rWoCE7\n3ZwPji5ixSUgK4eaA11kCnXd0pZVABZQxX1daBhVvW0DGGtcuQbVIh3PoTcO/gky\nVrpk23lM56APlbEW9W2xsoQaqGGH9PBAUgYDBI/qZ5iBTUx+pCSNHEgKqrU/bN9s\nXZKJ33Ha8YgaWQtMalxC+FL1JvBpVXc6MJnvJjzwI4Ln1mx/BPFCpfTHEMs=\n-----END RSA PRIVATE KEY-----\n",
            "content_base64": null,
            "content_base64sha256": "zddANCd+ugMcbm2mLFI2R3TuK9GaO/CiM+pOuQOCZDY=",
            "content_base64sha512": "zUecmy3OtDAq2s5BJxAwL6jyyhNXvRgZjkqPI3vdhuQdG7QgcrhqCq8pImPb4aue4aBTNQx6ZGb1cdQfhKOffQ==",
            "content_md5": "ecf5d380d196f9142939dfc6d6e35fbf",
            "content_sha1": "6252f0e8bdfff33d4d906b9b0c647e8577dbe68b",
            "content_sha256": "cdd74034277eba031c6e6da62c52364774ee2bd19a3bf0a233ea4eb903826436",
            "content_sha512": "cd479c9b2dceb4302adace412710302fa8f2ca1357bd18198e4a8f237bdd86e41d1bb42072b86a0aaf292263dbe1ab9ee1a053350c7a6466f571d41f84a39f7d",
            "directory_permission": "0777",
            "file_permission": "0777",
            "filename": "terraform_module.pem",
            "id": "6252f0e8bdfff33d4d906b9b0c647e8577dbe68b",
            "sensitive_content": null,
            "source": null
          },
          "sensitive_attributes": [
            [
              {
                "type": "get_attr",
                "value": "content"
              }
            ],
            [
              {
                "type": "get_attr",
                "value": "sensitive_content"
              }
            ]
          ],
          "identity_schema_version": 0,
          "dependencies": [
            "module.ec2_instance.tls_private_key.rsa_key"
          ]
        }
      ]
    },
    {
      "module": "module.ec2_instance",
      "mode": "managed",
      "type": "tls_private_key",
      "name": "rsa_key",
      "provider": "provider[\"registry.terraform.io/hashicorp/tls\"]",
      "instances": [
        {
          "schema_version": 1,
          "attributes": {
            "algorithm": "RSA",
            "ecdsa_curve": "P224",
            "id": "32702fcc7cc1fdfa13b883f82f4bc77cfc6fe152",
            "private_key_openssh": "-----BEGIN OPENSSH PRIVATE KEY-----\nb3BlbnNzaC1rZXktdjEAAAAABG5vbmUAAAAEbm9uZQAAAAAAAAABAAACFwAAAAdz\nc2gtcnNhAAAAAwEAAQAAAgEA2P/ubIh5BRzgxg3j889UvyItpILX1us4znR/ideQ\nhaMoTGCkKILd6KSm0Oe/3REm2ITn/UZm/Vst2Q75USQQf8JENT6HR3H8mGOfnzY+\nwhTgJYeTsc0TQAqlBstfxIsU90T6YhiEru8JJmT0ITtSDkcE7KM/msodWMKZ+HbU\nDHwdsNgLLwSaVmuYP4ToHBvJc1WRddT4fXbbQOQLk+Zk+7JzQGpgXm147WmsI+/z\nwl9WmzhCG8E8OR3tbdqextnu7tfqGcG0o6RCAkSwxxZwf+Li9YMet4RBseFHZ4LR\nSBi2Rh4EXnPQ/yPYE5JnHL7uOIidHnbtL5GCm2Uc0T+24rKUA8L9l2d2b+Al2v/6\nH7wMwIXLigbEgXzdwXofY6uH8xjV9wez5zjxl0zQAOqETIGLk3U9318gvuSV8Njm\n8IazvWD62ijWymqnEI9hQpRf5JG7zIHy/E7fgnodnxwuM7alTH4+mKAJv/uYvET1\nH3LxaRpzu2/b48F0nJ7gX4SBVQWuQsoHP3qK85fjopsWDiY0UAe4MlWSvE8vqajF\nosS4q2VdbrBIr5TaBiuosIMEhsLXwql/mCQGX9HDzX9Os+s7DeDr6lffExCcD9eE\n0hJtUBWgVhBNiwrs/NaXqPrkaVdwnkXtzvyyOY+l+UJMJtvyXmixmmWyTtKo7LCH\nk2kAAAc4IyDh5SMg4eUAAAAHc3NoLXJzYQAAAgEA2P/ubIh5BRzgxg3j889UvyIt\npILX1us4znR/ideQhaMoTGCkKILd6KSm0Oe/3REm2ITn/UZm/Vst2Q75USQQf8JE\nNT6HR3H8mGOfnzY+whTgJYeTsc0TQAqlBstfxIsU90T6YhiEru8JJmT0ITtSDkcE\n7KM/msodWMKZ+HbUDHwdsNgLLwSaVmuYP4ToHBvJc1WRddT4fXbbQOQLk+Zk+7Jz\nQGpgXm147WmsI+/zwl9WmzhCG8E8OR3tbdqextnu7tfqGcG0o6RCAkSwxxZwf+Li\n9YMet4RBseFHZ4LRSBi2Rh4EXnPQ/yPYE5JnHL7uOIidHnbtL5GCm2Uc0T+24rKU\nA8L9l2d2b+Al2v/6H7wMwIXLigbEgXzdwXofY6uH8xjV9wez5zjxl0zQAOqETIGL\nk3U9318gvuSV8Njm8IazvWD62ijWymqnEI9hQpRf5JG7zIHy/E7fgnodnxwuM7al\nTH4+mKAJv/uYvET1H3LxaRpzu2/b48F0nJ7gX4SBVQWuQsoHP3qK85fjopsWDiY0\nUAe4MlWSvE8vqajFosS4q2VdbrBIr5TaBiuosIMEhsLXwql/mCQGX9HDzX9Os+s7\nDeDr6lffExCcD9eE0hJtUBWgVhBNiwrs/NaXqPrkaVdwnkXtzvyyOY+l+UJMJtvy\nXmixmmWyTtKo7LCHk2kAAAADAQABAAACAAzXprNkfJm4HLhenD9IEFlTIJWOyyR/\nHXNLKJIj6xEcTRdUv9pdllxSmZnITA39Wh8bIdoBh45WeKyS1Yqpt6fr+2/q6wQo\nLj1m5fc89V1fRr20hqHm7mJOTvfLjk0k4wvYQ044v79/n5BsDe5ajaURKxeFziRE\ncmoCnayl/Fo0d+heUi5z7LNmdjyfdReBcHxuKRKValMN4fTMROrO9OqCzuMreIJr\neFTqpFiodooUwjIjqUvttXlMOLU/6JYsUdbvpH07k3Z80zhBpZ7+sw/qgalAhjnx\nA+ykVb697/ypk74AwEbxE+0e9gaAgLA46i3NLf6ee16Nk3J2uzbKDnIZHW23088m\nFesFWX9/2kdDMo60gJ18bIacygsnmKc13dlbIlhJAeU4XjDNlDIWaH9ByUl+ZXrj\n9x5/R4FCf+2KztQa8R/W8/S5BddvVJzPI3o9DNgMRZV1TEZM7mBLzUr3KotNby0N\n7gwYhl+qSJmVUQAmJvLG53JNfmjGMpWULfCiaFz3xhj0eKSxMhaIBxqKcIjO5iyV\nkhrlVkuwohhv9rF7SLszLhYMf4RcToAFKZfWVjdi5t85umLq4W8N8olJBmDl3A/M\nnes8+d9hxB+ecIf3YCZP/LECLLiUMHExTXMrxVwaYQ8jeoMKFqOoRKQ7k3CyaU81\nBjaufWBSaMP1AAABAQCuGldi7uyMmV1AjHiVM8BwRrlRWb28uMSRvEWrIsAwBcdV\ngrYwe7BE8JlbRvNTfHb7fxsxTJ3ClJFQsuBci8fdjBRtYOjGLHdllBKRnkeTO+MG\nnlpqA/OCoee8hh+GTLi0onyjhe/pxMl7TFx8YdOa1qAhO92cD44uYsUlICuHmgNd\nZAp13dKWVQAWUMV9XWgYVb1tAxhrXLkG1SIdz6E3Dv4JMla6ZNt5TOegD5WxFvVt\nsbKEGqhhh/TwQFIGAwSP6meYgU1MfqQkjRxICqq1P2zfbF2Sid9x2vGIGlkLTGpc\nQvhS9SbwaVV3OjCZ7yY88COC59ZsfwTxQqX0xxDLAAABAQDnKnNeGpdGZKwdYIIn\nx8xn8utnzo7UEEyshDSFQ6RdXnU55PfgCTnh7aGPg0HfjM3hjH7qtX0EBBcthI7J\nR2BC93IDQ0+ZqtcWLwlQ9/OTMnl41X+PKIk8u2bVNaPck6OlgxyRJv5U6qacSaFn\nhih7cZwCuXFF6Gjx9wA0JJNTPpUnzeRdnKhzIPjw3Ih1MgS+zy1SDakyN045FFE+\n9MLHz5G7FbFMlZGvx5I4RPMONp2hEoGCcByZlG1TudHDEoO8ajxXRkQIPcA8PXo8\npBTo9IOdPQH5VEdEziLtM/ArKny1iih8Z2WNEoy0l8XB0UhcbX3yhi5N26YoG2SR\nrwnNAAABAQDwT+IZup0K+zesOr0bsFXFsZvBlCV/is2fxwbOYUpjzUJWOrvAzgui\n0Lrc8Wthz46fhT3H/T2tlpDoF4NnSoEYgZtF3+JAM3Uy3myrNZ/Ji4lTNU+vds1q\nWa9wm9epK6Mjno/Uo6sYaFhDa0agOxE4PjwGATy0EhSoViw4b/D+dAzD67Uo10so\nryrfhOw8JaPBc6xJiuj99CRsvulEp1OccucTMfno1PHor9piHqEdETZVRvbQWQ0y\nyPw3OiG0xU5b4qDHRPzyAZ8Gye/7ayqznN1lM2n+bl8oXjhGa4jdofHgSboGSBNu\nVnWs975oJLk5jKiAHR0ZEf+3hjOGEGQNAAAAAAEC\n-----END OPENSSH PRIVATE KEY-----\n",
            "private_key_pem": "-----BEGIN RSA PRIVATE KEY-----\nMIIJKAIBAAKCAgEA2P/ubIh5BRzgxg3j889UvyItpILX1us4znR/ideQhaMoTGCk\nKILd6KSm0Oe/3REm2ITn/UZm/Vst2Q75USQQf8JENT6HR3H8mGOfnzY+whTgJYeT\nsc0TQAqlBstfxIsU90T6YhiEru8JJmT0ITtSDkcE7KM/msodWMKZ+HbUDHwdsNgL\nLwSaVmuYP4ToHBvJc1WRddT4fXbbQOQLk+Zk+7JzQGpgXm147WmsI+/zwl9WmzhC\nG8E8OR3tbdqextnu7tfqGcG0o6RCAkSwxxZwf+Li9YMet4RBseFHZ4LRSBi2Rh4E\nXnPQ/yPYE5JnHL7uOIidHnbtL5GCm2Uc0T+24rKUA8L9l2d2b+Al2v/6H7wMwIXL\nigbEgXzdwXofY6uH8xjV9wez5zjxl0zQAOqETIGLk3U9318gvuSV8Njm8IazvWD6\n2ijWymqnEI9hQpRf5JG7zIHy/E7fgnodnxwuM7alTH4+mKAJv/uYvET1H3LxaRpz\nu2/b48F0nJ7gX4SBVQWuQsoHP3qK85fjopsWDiY0UAe4MlWSvE8vqajFosS4q2Vd\nbrBIr5TaBiuosIMEhsLXwql/mCQGX9HDzX9Os+s7DeDr6lffExCcD9eE0hJtUBWg\nVhBNiwrs/NaXqPrkaVdwnkXtzvyyOY+l+UJMJtvyXmixmmWyTtKo7LCHk2kCAwEA\nAQKCAgAM16azZHyZuBy4Xpw/SBBZUyCVjsskfx1zSyiSI+sRHE0XVL/aXZZcUpmZ\nyEwN/VofGyHaAYeOVnisktWKqben6/tv6usEKC49ZuX3PPVdX0a9tIah5u5iTk73\ny45NJOML2ENOOL+/f5+QbA3uWo2lESsXhc4kRHJqAp2spfxaNHfoXlIuc+yzZnY8\nn3UXgXB8bikSlWpTDeH0zETqzvTqgs7jK3iCa3hU6qRYqHaKFMIyI6lL7bV5TDi1\nP+iWLFHW76R9O5N2fNM4QaWe/rMP6oGpQIY58QPspFW+ve/8qZO+AMBG8RPtHvYG\ngICwOOotzS3+nntejZNydrs2yg5yGR1tt9PPJhXrBVl/f9pHQzKOtICdfGyGnMoL\nJ5inNd3ZWyJYSQHlOF4wzZQyFmh/QclJfmV64/cef0eBQn/tis7UGvEf1vP0uQXX\nb1SczyN6PQzYDEWVdUxGTO5gS81K9yqLTW8tDe4MGIZfqkiZlVEAJibyxudyTX5o\nxjKVlC3womhc98YY9HiksTIWiAcainCIzuYslZIa5VZLsKIYb/axe0i7My4WDH+E\nXE6ABSmX1lY3YubfObpi6uFvDfKJSQZg5dwPzJ3rPPnfYcQfnnCH92AmT/yxAiy4\nlDBxMU1zK8VcGmEPI3qDChajqESkO5NwsmlPNQY2rn1gUmjD9QKCAQEA5ypzXhqX\nRmSsHWCCJ8fMZ/LrZ86O1BBMrIQ0hUOkXV51OeT34Ak54e2hj4NB34zN4Yx+6rV9\nBAQXLYSOyUdgQvdyA0NPmarXFi8JUPfzkzJ5eNV/jyiJPLtm1TWj3JOjpYMckSb+\nVOqmnEmhZ4Yoe3GcArlxReho8fcANCSTUz6VJ83kXZyocyD48NyIdTIEvs8tUg2p\nMjdOORRRPvTCx8+RuxWxTJWRr8eSOETzDjadoRKBgnAcmZRtU7nRwxKDvGo8V0ZE\nCD3APD16PKQU6PSDnT0B+VRHRM4i7TPwKyp8tYoofGdljRKMtJfFwdFIXG198oYu\nTdumKBtkka8JzQKCAQEA8E/iGbqdCvs3rDq9G7BVxbGbwZQlf4rNn8cGzmFKY81C\nVjq7wM4LotC63PFrYc+On4U9x/09rZaQ6BeDZ0qBGIGbRd/iQDN1Mt5sqzWfyYuJ\nUzVPr3bNalmvcJvXqSujI56P1KOrGGhYQ2tGoDsROD48BgE8tBIUqFYsOG/w/nQM\nw+u1KNdLKK8q34TsPCWjwXOsSYro/fQkbL7pRKdTnHLnEzH56NTx6K/aYh6hHRE2\nVUb20FkNMsj8NzohtMVOW+Kgx0T88gGfBsnv+2sqs5zdZTNp/m5fKF44RmuI3aHx\n4Em6BkgTblZ1rPe+aCS5OYyogB0dGRH/t4YzhhBkDQKCAQAci8x1WXlG0xXCBvHr\nsauXRpM1XXebzmt5flXyAvlgIlL9lD3b56fDM5IY48+VqJCgAraFi2Xlwg+Oqmjr\niCnl+yKULpK82jD3Z1WSLxxgGAKSHmNDLXFNE6NOPvJ+Qakavkcf0Z3kpJlwgVMy\nMon7PHtUhsvrIxkakDLxPXcH95l5sd46hSb0GKVFMSaUulmFqpXhJRi4v8WkHNMv\noBARlptbbAFaALpd55ox4qnVHn92rY9aqTeO65pYlYDGwxmLgd7ztBSgo+eCSOE4\nbda7Mb6zAx6kSHkIkSAVBK3q1rNRw77eJfKPajP/9SIRniN+bnL4KQO8z5wEJeXU\na7YdAoIBAAx3mHtNOyh+r/y3b2goVcrT1AjO7sMXKGPJp4i9c2aKF47xrRvrlJ71\nxTwBKlkAs52DBBmEAdcnoIzp619IdjoXPz74xnweL05cS7b2KTwDiTRP57pqp22F\nCZ0F+MJGCUinyT5230F86FdXEWrupY4NbH/DQKr25St2jQTAifgpfSAM8nET+ko6\nDDdcZgUYzs4SejW2hy/lop4hqWhuZeAP9f0A8r4pjgNMXEAK5sDjS7ZQ4C0e8ZhY\n5PzYfzcppU8PCthLs/O6Mc3gXBrnDGgVE0dUy4LvpvApMzI0Ef2tkSbZrFT3GEr5\nIVG/6Jjujs11hqhe2kuaq3GR/MpPv2ECggEBAK4aV2Lu7IyZXUCMeJUzwHBGuVFZ\nvby4xJG8RasiwDAFx1WCtjB7sETwmVtG81N8dvt/GzFMncKUkVCy4FyLx92MFG1g\n6MYsd2WUEpGeR5M74waeWmoD84Kh57yGH4ZMuLSifKOF7+nEyXtMXHxh05rWoCE7\n3ZwPji5ixSUgK4eaA11kCnXd0pZVABZQxX1daBhVvW0DGGtcuQbVIh3PoTcO/gky\nVrpk23lM56APlbEW9W2xsoQaqGGH9PBAUgYDBI/qZ5iBTUx+pCSNHEgKqrU/bN9s\nXZKJ33Ha8YgaWQtMalxC+FL1JvBpVXc6MJnvJjzwI4Ln1mx/BPFCpfTHEMs=\n-----END RSA PRIVATE KEY-----\n",
            "private_key_pem_pkcs8": "-----BEGIN PRIVATE KEY-----\nMIIJQgIBADANBgkqhkiG9w0BAQEFAASCCSwwggkoAgEAAoICAQDY/+5siHkFHODG\nDePzz1S/Ii2kgtfW6zjOdH+J15CFoyhMYKQogt3opKbQ57/dESbYhOf9Rmb9Wy3Z\nDvlRJBB/wkQ1PodHcfyYY5+fNj7CFOAlh5OxzRNACqUGy1/EixT3RPpiGISu7wkm\nZPQhO1IORwTsoz+ayh1Ywpn4dtQMfB2w2AsvBJpWa5g/hOgcG8lzVZF11Ph9dttA\n5AuT5mT7snNAamBebXjtaawj7/PCX1abOEIbwTw5He1t2p7G2e7u1+oZwbSjpEIC\nRLDHFnB/4uL1gx63hEGx4UdngtFIGLZGHgRec9D/I9gTkmccvu44iJ0edu0vkYKb\nZRzRP7bispQDwv2XZ3Zv4CXa//ofvAzAhcuKBsSBfN3Beh9jq4fzGNX3B7PnOPGX\nTNAA6oRMgYuTdT3fXyC+5JXw2ObwhrO9YPraKNbKaqcQj2FClF/kkbvMgfL8Tt+C\neh2fHC4ztqVMfj6YoAm/+5i8RPUfcvFpGnO7b9vjwXScnuBfhIFVBa5Cygc/eorz\nl+OimxYOJjRQB7gyVZK8Ty+pqMWixLirZV1usEivlNoGK6iwgwSGwtfCqX+YJAZf\n0cPNf06z6zsN4OvqV98TEJwP14TSEm1QFaBWEE2LCuz81peo+uRpV3CeRe3O/LI5\nj6X5Qkwm2/JeaLGaZbJO0qjssIeTaQIDAQABAoICAAzXprNkfJm4HLhenD9IEFlT\nIJWOyyR/HXNLKJIj6xEcTRdUv9pdllxSmZnITA39Wh8bIdoBh45WeKyS1Yqpt6fr\n+2/q6wQoLj1m5fc89V1fRr20hqHm7mJOTvfLjk0k4wvYQ044v79/n5BsDe5ajaUR\nKxeFziREcmoCnayl/Fo0d+heUi5z7LNmdjyfdReBcHxuKRKValMN4fTMROrO9OqC\nzuMreIJreFTqpFiodooUwjIjqUvttXlMOLU/6JYsUdbvpH07k3Z80zhBpZ7+sw/q\ngalAhjnxA+ykVb697/ypk74AwEbxE+0e9gaAgLA46i3NLf6ee16Nk3J2uzbKDnIZ\nHW23088mFesFWX9/2kdDMo60gJ18bIacygsnmKc13dlbIlhJAeU4XjDNlDIWaH9B\nyUl+ZXrj9x5/R4FCf+2KztQa8R/W8/S5BddvVJzPI3o9DNgMRZV1TEZM7mBLzUr3\nKotNby0N7gwYhl+qSJmVUQAmJvLG53JNfmjGMpWULfCiaFz3xhj0eKSxMhaIBxqK\ncIjO5iyVkhrlVkuwohhv9rF7SLszLhYMf4RcToAFKZfWVjdi5t85umLq4W8N8olJ\nBmDl3A/Mnes8+d9hxB+ecIf3YCZP/LECLLiUMHExTXMrxVwaYQ8jeoMKFqOoRKQ7\nk3CyaU81BjaufWBSaMP1AoIBAQDnKnNeGpdGZKwdYIInx8xn8utnzo7UEEyshDSF\nQ6RdXnU55PfgCTnh7aGPg0HfjM3hjH7qtX0EBBcthI7JR2BC93IDQ0+ZqtcWLwlQ\n9/OTMnl41X+PKIk8u2bVNaPck6OlgxyRJv5U6qacSaFnhih7cZwCuXFF6Gjx9wA0\nJJNTPpUnzeRdnKhzIPjw3Ih1MgS+zy1SDakyN045FFE+9MLHz5G7FbFMlZGvx5I4\nRPMONp2hEoGCcByZlG1TudHDEoO8ajxXRkQIPcA8PXo8pBTo9IOdPQH5VEdEziLt\nM/ArKny1iih8Z2WNEoy0l8XB0UhcbX3yhi5N26YoG2SRrwnNAoIBAQDwT+IZup0K\n+zesOr0bsFXFsZvBlCV/is2fxwbOYUpjzUJWOrvAzgui0Lrc8Wthz46fhT3H/T2t\nlpDoF4NnSoEYgZtF3+JAM3Uy3myrNZ/Ji4lTNU+vds1qWa9wm9epK6Mjno/Uo6sY\naFhDa0agOxE4PjwGATy0EhSoViw4b/D+dAzD67Uo10soryrfhOw8JaPBc6xJiuj9\n9CRsvulEp1OccucTMfno1PHor9piHqEdETZVRvbQWQ0yyPw3OiG0xU5b4qDHRPzy\nAZ8Gye/7ayqznN1lM2n+bl8oXjhGa4jdofHgSboGSBNuVnWs975oJLk5jKiAHR0Z\nEf+3hjOGEGQNAoIBAByLzHVZeUbTFcIG8euxq5dGkzVdd5vOa3l+VfIC+WAiUv2U\nPdvnp8Mzkhjjz5WokKACtoWLZeXCD46qaOuIKeX7IpQukrzaMPdnVZIvHGAYApIe\nY0MtcU0To04+8n5BqRq+Rx/RneSkmXCBUzIyifs8e1SGy+sjGRqQMvE9dwf3mXmx\n3jqFJvQYpUUxJpS6WYWqleElGLi/xaQc0y+gEBGWm1tsAVoAul3nmjHiqdUef3at\nj1qpN47rmliVgMbDGYuB3vO0FKCj54JI4Tht1rsxvrMDHqRIeQiRIBUErerWs1HD\nvt4l8o9qM//1IhGeI35ucvgpA7zPnAQl5dRrth0CggEADHeYe007KH6v/LdvaChV\nytPUCM7uwxcoY8mniL1zZooXjvGtG+uUnvXFPAEqWQCznYMEGYQB1yegjOnrX0h2\nOhc/PvjGfB4vTlxLtvYpPAOJNE/numqnbYUJnQX4wkYJSKfJPnbfQXzoV1cRau6l\njg1sf8NAqvblK3aNBMCJ+Cl9IAzycRP6SjoMN1xmBRjOzhJ6NbaHL+WiniGpaG5l\n4A/1/QDyvimOA0xcQArmwONLtlDgLR7xmFjk/Nh/NymlTw8K2Euz87oxzeBcGucM\naBUTR1TLgu+m8CkzMjQR/a2RJtmsVPcYSvkhUb/omO6OzXWGqF7aS5qrcZH8yk+/\nYQKCAQEArhpXYu7sjJldQIx4lTPAcEa5UVm9vLjEkbxFqyLAMAXHVYK2MHuwRPCZ\nW0bzU3x2+38bMUydwpSRULLgXIvH3YwUbWDoxix3ZZQSkZ5HkzvjBp5aagPzgqHn\nvIYfhky4tKJ8o4Xv6cTJe0xcfGHTmtagITvdnA+OLmLFJSArh5oDXWQKdd3SllUA\nFlDFfV1oGFW9bQMYa1y5BtUiHc+hNw7+CTJWumTbeUznoA+VsRb1bbGyhBqoYYf0\n8EBSBgMEj+pnmIFNTH6kJI0cSAqqtT9s32xdkonfcdrxiBpZC0xqXEL4UvUm8GlV\ndzowme8mPPAjgufWbH8E8UKl9McQyw==\n-----END PRIVATE KEY-----\n",
            "public_key_fingerprint_md5": "0b:73:1f:a9:a4:6c:54:d3:ef:0d:54:45:0b:e3:4b:1e",
            "public_key_fingerprint_sha256": "SHA256:0kJQMuaoKhQWlHZbRU6AFSfpOhPrpZ1WggndQbFu/Hk",
            "public_key_openssh": "ssh-rsa AAAAB3NzaC1yc2EAAAADAQABAAACAQDY/+5siHkFHODGDePzz1S/Ii2kgtfW6zjOdH+J15CFoyhMYKQogt3opKbQ57/dESbYhOf9Rmb9Wy3ZDvlRJBB/wkQ1PodHcfyYY5+fNj7CFOAlh5OxzRNACqUGy1/EixT3RPpiGISu7wkmZPQhO1IORwTsoz+ayh1Ywpn4dtQMfB2w2AsvBJpWa5g/hOgcG8lzVZF11Ph9dttA5AuT5mT7snNAamBebXjtaawj7/PCX1abOEIbwTw5He1t2p7G2e7u1+oZwbSjpEICRLDHFnB/4uL1gx63hEGx4UdngtFIGLZGHgRec9D/I9gTkmccvu44iJ0edu0vkYKbZRzRP7bispQDwv2XZ3Zv4CXa//ofvAzAhcuKBsSBfN3Beh9jq4fzGNX3B7PnOPGXTNAA6oRMgYuTdT3fXyC+5JXw2ObwhrO9YPraKNbKaqcQj2FClF/kkbvMgfL8Tt+Ceh2fHC4ztqVMfj6YoAm/+5i8RPUfcvFpGnO7b9vjwXScnuBfhIFVBa5Cygc/eorzl+OimxYOJjRQB7gyVZK8Ty+pqMWixLirZV1usEivlNoGK6iwgwSGwtfCqX+YJAZf0cPNf06z6zsN4OvqV98TEJwP14TSEm1QFaBWEE2LCuz81peo+uRpV3CeRe3O/LI5j6X5Qkwm2/JeaLGaZbJO0qjssIeTaQ==\n",
            "public_key_pem": "-----BEGIN PUBLIC KEY-----\nMIICIjANBgkqhkiG9w0BAQEFAAOCAg8AMIICCgKCAgEA2P/ubIh5BRzgxg3j889U\nvyItpILX1us4znR/ideQhaMoTGCkKILd6KSm0Oe/3REm2ITn/UZm/Vst2Q75USQQ\nf8JENT6HR3H8mGOfnzY+whTgJYeTsc0TQAqlBstfxIsU90T6YhiEru8JJmT0ITtS\nDkcE7KM/msodWMKZ+HbUDHwdsNgLLwSaVmuYP4ToHBvJc1WRddT4fXbbQOQLk+Zk\n+7JzQGpgXm147WmsI+/zwl9WmzhCG8E8OR3tbdqextnu7tfqGcG0o6RCAkSwxxZw\nf+Li9YMet4RBseFHZ4LRSBi2Rh4EXnPQ/yPYE5JnHL7uOIidHnbtL5GCm2Uc0T+2\n4rKUA8L9l2d2b+Al2v/6H7wMwIXLigbEgXzdwXofY6uH8xjV9wez5zjxl0zQAOqE\nTIGLk3U9318gvuSV8Njm8IazvWD62ijWymqnEI9hQpRf5JG7zIHy/E7fgnodnxwu\nM7alTH4+mKAJv/uYvET1H3LxaRpzu2/b48F0nJ7gX4SBVQWuQsoHP3qK85fjopsW\nDiY0UAe4MlWSvE8vqajFosS4q2VdbrBIr5TaBiuosIMEhsLXwql/mCQGX9HDzX9O\ns+s7DeDr6lffExCcD9eE0hJtUBWgVhBNiwrs/NaXqPrkaVdwnkXtzvyyOY+l+UJM\nJtvyXmixmmWyTtKo7LCHk2kCAwEAAQ==\n-----END PUBLIC KEY-----\n",
            "rsa_bits": 4096
          },
          "sensitive_attributes": [
            [
              {
                "type": "get_attr",
                "value": "private_key_openssh"
              }
            ],
            [
              {
                "type": "get_attr",
                "value": "private_key_pem"
              }
            ],
            [
              {
                "type": "get_attr",
                "value": "private_key_pem_pkcs8"
              }
            ]
          ],
          "identity_schema_version": 0
        }
      ]
    },
    {
      "module": "module.terraform_vpc",
      "mode": "managed",
      "type": "aws_eip",
      "name": "nat_eip",
      "provider": "module.terraform_vpc.provider[\"registry.terraform.io/hashicorp/aws\"]",
      "instances": [
        {
          "schema_version": 0,
          "attributes": {
            "address": null,
            "allocation_id": "eipalloc-05d1d4d29a0736e00",
            "arn": "arn:aws:ec2:us-east-1:038462748868:elastic-ip/eipalloc-05d1d4d29a0736e00",
            "associate_with_private_ip": null,
            "association_id": "eipassoc-0660ee3607ad80e55",
            "carrier_ip": "",
            "customer_owned_ip": "",
            "customer_owned_ipv4_pool": "",
            "domain": "vpc",
            "id": "eipalloc-05d1d4d29a0736e00",
            "instance": "",
            "ipam_pool_id": null,
            "network_border_group": "us-east-1",
            "network_interface": "eni-07c7a628718de1efa",
            "private_dns": "ip-10-0-1-199.ec2.internal",
            "private_ip": "10.0.1.199",
            "ptr_record": "",
            "public_dns": "ec2-34-202-200-234.compute-1.amazonaws.com",
            "public_ip": "34.202.200.234",
            "public_ipv4_pool": "amazon",
            "region": "us-east-1",
            "tags": {},
            "tags_all": {},
            "timeouts": null
          },
          "sensitive_attributes": [],
          "identity_schema_version": 0,
          "private": "eyJlMmJmYjczMC1lY2FhLTExZTYtOGY4OC0zNDM2M2JjN2M0YzAiOnsiZGVsZXRlIjoxODAwMDAwMDAwMDAsInJlYWQiOjkwMDAwMDAwMDAwMCwidXBkYXRlIjozMDAwMDAwMDAwMDB9fQ=="
        }
      ]
    },
    {
      "module": "module.terraform_vpc",
      "mode": "managed",
      "type": "aws_internet_gateway",
      "name": "igw",
      "provider": "module.terraform_vpc.provider[\"registry.terraform.io/hashicorp/aws\"]",
      "instances": [
        {
          "schema_version": 0,
          "attributes": {
            "arn": "arn:aws:ec2:us-east-1:038462748868:internet-gateway/igw-0f1b36f11dd8db9d2",
            "id": "igw-0f1b36f11dd8db9d2",
            "owner_id": "038462748868",
            "region": "us-east-1",
            "tags": {
              "Name": "demo_project-igw"
            },
            "tags_all": {
              "Name": "demo_project-igw"
            },
            "timeouts": null,
            "vpc_id": "vpc-00e5a1fff29636cb1"
          },
          "sensitive_attributes": [],
          "identity_schema_version": 0,
          "private": "eyJlMmJmYjczMC1lY2FhLTExZTYtOGY4OC0zNDM2M2JjN2M0YzAiOnsiY3JlYXRlIjoxMjAwMDAwMDAwMDAwLCJkZWxldGUiOjEyMDAwMDAwMDAwMDAsInVwZGF0ZSI6MTIwMDAwMDAwMDAwMH19",
          "dependencies": [
            "module.terraform_vpc.aws_vpc.main"
          ]
        }
      ]
    },
    {
      "module": "module.terraform_vpc",
      "mode": "managed",
      "type": "aws_nat_gateway",
      "name": "nat",
      "provider": "module.terraform_vpc.provider[\"registry.terraform.io/hashicorp/aws\"]",
      "instances": [
        {
          "schema_version": 0,
          "attributes": {
            "allocation_id": "eipalloc-05d1d4d29a0736e00",
            "association_id": "eipassoc-0660ee3607ad80e55",
            "connectivity_type": "public",
            "id": "nat-0cac72fca156139b8",
            "network_interface_id": "eni-07c7a628718de1efa",
            "private_ip": "10.0.1.199",
            "public_ip": "34.202.200.234",
            "region": "us-east-1",
            "secondary_allocation_ids": [],
            "secondary_private_ip_address_count": 0,
            "secondary_private_ip_addresses": [],
            "subnet_id": "subnet-0ad87f97643b12da4",
            "tags": {
              "Name": "demo_project-nat-gateway"
            },
            "tags_all": {
              "Name": "demo_project-nat-gateway"
            },
            "timeouts": null
          },
          "sensitive_attributes": [],
          "identity_schema_version": 0,
          "private": "eyJlMmJmYjczMC1lY2FhLTExZTYtOGY4OC0zNDM2M2JjN2M0YzAiOnsiY3JlYXRlIjo2MDAwMDAwMDAwMDAsImRlbGV0ZSI6MTgwMDAwMDAwMDAwMCwidXBkYXRlIjo2MDAwMDAwMDAwMDB9fQ==",
          "dependencies": [
            "module.terraform_vpc.aws_eip.nat_eip",
            "module.terraform_vpc.aws_internet_gateway.igw",
            "module.terraform_vpc.aws_subnet.public",
            "module.terraform_vpc.aws_vpc.main"
          ]
        }
      ]
    },
    {
      "module": "module.terraform_vpc",
      "mode": "managed",
      "type": "aws_route_table",
      "name": "private",
      "provider": "module.terraform_vpc.provider[\"registry.terraform.io/hashicorp/aws\"]",
      "instances": [
        {
          "schema_version": 0,
          "attributes": {
            "arn": "arn:aws:ec2:us-east-1:038462748868:route-table/rtb-064a58895683e16bf",
            "id": "rtb-064a58895683e16bf",
            "owner_id": "038462748868",
            "propagating_vgws": [],
            "region": "us-east-1",
            "route": [
              {
                "carrier_gateway_id": "",
                "cidr_block": "0.0.0.0/0",
                "core_network_arn": "",
                "destination_prefix_list_id": "",
                "egress_only_gateway_id": "",
                "gateway_id": "",
                "ipv6_cidr_block": "",
                "local_gateway_id": "",
                "nat_gateway_id": "nat-0cac72fca156139b8",
                "network_interface_id": "",
                "transit_gateway_id": "",
                "vpc_endpoint_id": "",
                "vpc_peering_connection_id": ""
              }
            ],
            "tags": {
              "Name": "demo_project-private-rt"
            },
            "tags_all": {
              "Name": "demo_project-private-rt"
            },
            "timeouts": null,
            "vpc_id": "vpc-00e5a1fff29636cb1"
          },
          "sensitive_attributes": [],
          "identity_schema_version": 0,
          "identity": {
            "account_id": "038462748868",
            "id": "rtb-064a58895683e16bf",
            "region": "us-east-1"
          },
          "private": "eyJlMmJmYjczMC1lY2FhLTExZTYtOGY4OC0zNDM2M2JjN2M0YzAiOnsiY3JlYXRlIjozMDAwMDAwMDAwMDAsImRlbGV0ZSI6MzAwMDAwMDAwMDAwLCJ1cGRhdGUiOjEyMDAwMDAwMDAwMH19",
          "dependencies": [
            "module.terraform_vpc.aws_eip.nat_eip",
            "module.terraform_vpc.aws_internet_gateway.igw",
            "module.terraform_vpc.aws_nat_gateway.nat",
            "module.terraform_vpc.aws_subnet.public",
            "module.terraform_vpc.aws_vpc.main"
          ]
        }
      ]
    },
    {
      "module": "module.terraform_vpc",
      "mode": "managed",
      "type": "aws_route_table",
      "name": "public",
      "provider": "module.terraform_vpc.provider[\"registry.terraform.io/hashicorp/aws\"]",
      "instances": [
        {
          "schema_version": 0,
          "attributes": {
            "arn": "arn:aws:ec2:us-east-1:038462748868:route-table/rtb-024c8973619113fbc",
            "id": "rtb-024c8973619113fbc",
            "owner_id": "038462748868",
            "propagating_vgws": [],
            "region": "us-east-1",
            "route": [
              {
                "carrier_gateway_id": "",
                "cidr_block": "0.0.0.0/0",
                "core_network_arn": "",
                "destination_prefix_list_id": "",
                "egress_only_gateway_id": "",
                "gateway_id": "igw-0f1b36f11dd8db9d2",
                "ipv6_cidr_block": "",
                "local_gateway_id": "",
                "nat_gateway_id": "",
                "network_interface_id": "",
                "transit_gateway_id": "",
                "vpc_endpoint_id": "",
                "vpc_peering_connection_id": ""
              }
            ],
            "tags": {
              "Name": "demo_project-public-rt"
            },
            "tags_all": {
              "Name": "demo_project-public-rt"
            },
            "timeouts": null,
            "vpc_id": "vpc-00e5a1fff29636cb1"
          },
          "sensitive_attributes": [],
          "identity_schema_version": 0,
          "identity": {
            "account_id": "038462748868",
            "id": "rtb-024c8973619113fbc",
            "region": "us-east-1"
          },
          "private": "eyJlMmJmYjczMC1lY2FhLTExZTYtOGY4OC0zNDM2M2JjN2M0YzAiOnsiY3JlYXRlIjozMDAwMDAwMDAwMDAsImRlbGV0ZSI6MzAwMDAwMDAwMDAwLCJ1cGRhdGUiOjEyMDAwMDAwMDAwMH19",
          "dependencies": [
            "module.terraform_vpc.aws_internet_gateway.igw",
            "module.terraform_vpc.aws_vpc.main"
          ]
        }
      ]
    },
    {
      "module": "module.terraform_vpc",
      "mode": "managed",
      "type": "aws_route_table_association",
      "name": "priv-assoc",
      "provider": "module.terraform_vpc.provider[\"registry.terraform.io/hashicorp/aws\"]",
      "instances": [
        {
          "schema_version": 0,
          "attributes": {
            "gateway_id": "",
            "id": "rtbassoc-0e3d72f0402708411",
            "region": "us-east-1",
            "route_table_id": "rtb-064a58895683e16bf",
            "subnet_id": "subnet-07085e200f3396e01",
            "timeouts": null
          },
          "sensitive_attributes": [],
          "identity_schema_version": 0,
          "private": "eyJlMmJmYjczMC1lY2FhLTExZTYtOGY4OC0zNDM2M2JjN2M0YzAiOnsiY3JlYXRlIjozMDAwMDAwMDAwMDAsImRlbGV0ZSI6MzAwMDAwMDAwMDAwLCJ1cGRhdGUiOjEyMDAwMDAwMDAwMH19",
          "dependencies": [
            "module.terraform_vpc.aws_eip.nat_eip",
            "module.terraform_vpc.aws_internet_gateway.igw",
            "module.terraform_vpc.aws_nat_gateway.nat",
            "module.terraform_vpc.aws_route_table.private",
            "module.terraform_vpc.aws_subnet.private",
            "module.terraform_vpc.aws_subnet.public",
            "module.terraform_vpc.aws_vpc.main"
          ]
        }
      ]
    },
    {
      "module": "module.terraform_vpc",
      "mode": "managed",
      "type": "aws_route_table_association",
      "name": "pub-assoc",
      "provider": "module.terraform_vpc.provider[\"registry.terraform.io/hashicorp/aws\"]",
      "instances": [
        {
          "schema_version": 0,
          "attributes": {
            "gateway_id": "",
            "id": "rtbassoc-051377947d3deab66",
            "region": "us-east-1",
            "route_table_id": "rtb-024c8973619113fbc",
            "subnet_id": "subnet-0ad87f97643b12da4",
            "timeouts": null
          },
          "sensitive_attributes": [],
          "identity_schema_version": 0,
          "private": "eyJlMmJmYjczMC1lY2FhLTExZTYtOGY4OC0zNDM2M2JjN2M0YzAiOnsiY3JlYXRlIjozMDAwMDAwMDAwMDAsImRlbGV0ZSI6MzAwMDAwMDAwMDAwLCJ1cGRhdGUiOjEyMDAwMDAwMDAwMH19",
          "dependencies": [
            "module.terraform_vpc.aws_internet_gateway.igw",
            "module.terraform_vpc.aws_route_table.public",
            "module.terraform_vpc.aws_subnet.public",
            "module.terraform_vpc.aws_vpc.main"
          ]
        }
      ]
    },
    {
      "module": "module.terraform_vpc",
      "mode": "managed",
      "type": "aws_subnet",
      "name": "private",
      "provider": "module.terraform_vpc.provider[\"registry.terraform.io/hashicorp/aws\"]",
      "instances": [
        {
          "schema_version": 1,
          "attributes": {
            "arn": "arn:aws:ec2:us-east-1:038462748868:subnet/subnet-07085e200f3396e01",
            "assign_ipv6_address_on_creation": false,
            "availability_zone": "us-east-1a",
            "availability_zone_id": "use1-az2",
            "cidr_block": "10.0.2.0/24",
            "customer_owned_ipv4_pool": "",
            "enable_dns64": false,
            "enable_lni_at_device_index": 0,
            "enable_resource_name_dns_a_record_on_launch": false,
            "enable_resource_name_dns_aaaa_record_on_launch": false,
            "id": "subnet-07085e200f3396e01",
            "ipv6_cidr_block": "",
            "ipv6_cidr_block_association_id": "",
            "ipv6_native": false,
            "map_customer_owned_ip_on_launch": false,
            "map_public_ip_on_launch": false,
            "outpost_arn": "",
            "owner_id": "038462748868",
            "private_dns_hostname_type_on_launch": "ip-name",
            "region": "us-east-1",
            "tags": {
              "Name": "demo_project-priv-subnet"
            },
            "tags_all": {
              "Name": "demo_project-priv-subnet"
            },
            "timeouts": null,
            "vpc_id": "vpc-00e5a1fff29636cb1"
          },
          "sensitive_attributes": [],
          "identity_schema_version": 0,
          "identity": {
            "account_id": "038462748868",
            "id": "subnet-07085e200f3396e01",
            "region": "us-east-1"
          },
          "private": "eyJlMmJmYjczMC1lY2FhLTExZTYtOGY4OC0zNDM2M2JjN2M0YzAiOnsiY3JlYXRlIjo2MDAwMDAwMDAwMDAsImRlbGV0ZSI6MTIwMDAwMDAwMDAwMH0sInNjaGVtYV92ZXJzaW9uIjoiMSJ9",
          "dependencies": [
            "module.terraform_vpc.aws_vpc.main"
          ]
        }
      ]
    },
    {
      "module": "module.terraform_vpc",
      "mode": "managed",
      "type": "aws_subnet",
      "name": "public",
      "provider": "module.terraform_vpc.provider[\"registry.terraform.io/hashicorp/aws\"]",
      "instances": [
        {
          "schema_version": 1,
          "attributes": {
            "arn": "arn:aws:ec2:us-east-1:038462748868:subnet/subnet-0ad87f97643b12da4",
            "assign_ipv6_address_on_creation": false,
            "availability_zone": "us-east-1a",
            "availability_zone_id": "use1-az2",
            "cidr_block": "10.0.1.0/24",
            "customer_owned_ipv4_pool": "",
            "enable_dns64": false,
            "enable_lni_at_device_index": 0,
            "enable_resource_name_dns_a_record_on_launch": false,
            "enable_resource_name_dns_aaaa_record_on_launch": false,
            "id": "subnet-0ad87f97643b12da4",
            "ipv6_cidr_block": "",
            "ipv6_cidr_block_association_id": "",
            "ipv6_native": false,
            "map_customer_owned_ip_on_launch": false,
            "map_public_ip_on_launch": true,
            "outpost_arn": "",
            "owner_id": "038462748868",
            "private_dns_hostname_type_on_launch": "ip-name",
            "region": "us-east-1",
            "tags": {
              "Name": "demo_project-pub-subnet"
            },
            "tags_all": {
              "Name": "demo_project-pub-subnet"
            },
            "timeouts": null,
            "vpc_id": "vpc-00e5a1fff29636cb1"
          },
          "sensitive_attributes": [],
          "identity_schema_version": 0,
          "identity": {
            "account_id": "038462748868",
            "id": "subnet-0ad87f97643b12da4",
            "region": "us-east-1"
          },
          "private": "eyJlMmJmYjczMC1lY2FhLTExZTYtOGY4OC0zNDM2M2JjN2M0YzAiOnsiY3JlYXRlIjo2MDAwMDAwMDAwMDAsImRlbGV0ZSI6MTIwMDAwMDAwMDAwMH0sInNjaGVtYV92ZXJzaW9uIjoiMSJ9",
          "dependencies": [
            "module.terraform_vpc.aws_vpc.main"
          ]
        }
      ]
    },
    {
      "module": "module.terraform_vpc",
      "mode": "managed",
      "type": "aws_vpc",
      "name": "main",
      "provider": "module.terraform_vpc.provider[\"registry.terraform.io/hashicorp/aws\"]",
      "instances": [
        {
          "schema_version": 1,
          "attributes": {
            "arn": "arn:aws:ec2:us-east-1:038462748868:vpc/vpc-00e5a1fff29636cb1",
            "assign_generated_ipv6_cidr_block": false,
            "cidr_block": "10.0.0.0/16",
            "default_network_acl_id": "acl-0147fbd6dbb56db81",
            "default_route_table_id": "rtb-0fe62ab2a58fab36b",
            "default_security_group_id": "sg-0e9a73fbcc3e5ca05",
            "dhcp_options_id": "dopt-03e91d218a81481d7",
            "enable_dns_hostnames": true,
            "enable_dns_support": true,
            "enable_network_address_usage_metrics": false,
            "id": "vpc-00e5a1fff29636cb1",
            "instance_tenancy": "default",
            "ipv4_ipam_pool_id": null,
            "ipv4_netmask_length": null,
            "ipv6_association_id": "",
            "ipv6_cidr_block": "",
            "ipv6_cidr_block_network_border_group": "",
            "ipv6_ipam_pool_id": "",
            "ipv6_netmask_length": 0,
            "main_route_table_id": "rtb-0fe62ab2a58fab36b",
            "owner_id": "038462748868",
            "region": "us-east-1",
            "tags": {
              "Name": "MyVPC"
            },
            "tags_all": {
              "Name": "MyVPC"
            }
          },
          "sensitive_attributes": [],
          "identity_schema_version": 0,
          "identity": {
            "account_id": "038462748868",
            "id": "vpc-00e5a1fff29636cb1",
            "region": "us-east-1"
          },
          "private": "eyJzY2hlbWFfdmVyc2lvbiI6IjEifQ=="
        }
      ]
    }
  ],
  "check_results": null
}
